{
  "requires": true,
  "lockfileVersion": 1,
  "dependencies": {
    "escape-goat": {
      "version": "3.0.0",
      "resolved": "https://registry.npmjs.org/escape-goat/-/escape-goat-3.0.0.tgz",
      "integrity": "sha512-w3PwNZJwRxlp47QGzhuEBldEqVHHhh8/tIPcl6ecf2Bou99cdAt0knihBV0Ecc7CGxYduXVBDheH1K2oADRlvw=="
    },
    "gemini-to-html": {
      "version": "1.1.1",
      "resolved": "https://registry.npmjs.org/gemini-to-html/-/gemini-to-html-1.1.1.tgz",
      "integrity": "sha512-FCC92fcyWlkxWnMl1BLRJwADfgSYTsRxCcEMDexBj3q5YFNb7SUJe4b57vem1xzo7yoPYEMbBsZiHDSt42loog==",
      "requires": {
        "escape-goat": "^3.0.0"
      }
    }
  }
}
